// !$*UTF8*$!
{
	archiveVersion = 1;
	classes = {
	};
	objectVersion = 56;
	objects = {

/* Begin PBXBuildFile section */
		175BFBBA2C6912DC00EB5FBB /* ToDoListApp.swift in Sources */ = {isa = PBXBuildFile; fileRef = 175BFBB92C6912DC00EB5FBB /* ToDoListApp.swift */; };
		175BFBBC2C6912DC00EB5FBB /* ContentView.swift in Sources */ = {isa = PBXBuildFile; fileRef = 175BFBBB2C6912DC00EB5FBB /* ContentView.swift */; };
		175BFBBE2C6912DC00EB5FBB /* Item.swift in Sources */ = {isa = PBXBuildFile; fileRef = 175BFBBD2C6912DC00EB5FBB /* Item.swift */; };
		175BFBC02C6912DE00EB5FBB /* Assets.xcassets in Resources */ = {isa = PBXBuildFile; fileRef = 175BFBBF2C6912DE00EB5FBB /* Assets.xcassets */; };
		175BFBC32C6912DE00EB5FBB /* Preview Assets.xcassets in Resources */ = {isa = PBXBuildFile; fileRef = 175BFBC22C6912DE00EB5FBB /* Preview Assets.xcassets */; };
		175BFBCD2C6912DF00EB5FBB /* ToDoListTests.swift in Sources */ = {isa = PBXBuildFile; fileRef = 175BFBCC2C6912DF00EB5FBB /* ToDoListTests.swift */; };
		175BFBD72C6912DF00EB5FBB /* ToDoListUITests.swift in Sources */ = {isa = PBXBuildFile; fileRef = 175BFBD62C6912DF00EB5FBB /* ToDoListUITests.swift */; };
		175BFBD92C6912DF00EB5FBB /* ToDoListUITestsLaunchTests.swift in Sources */ = {isa = PBXBuildFile; fileRef = 175BFBD82C6912DF00EB5FBB /* ToDoListUITestsLaunchTests.swift */; };
		175BFBE62C69131100EB5FBB /* ThemeManager.swift in Sources */ = {isa = PBXBuildFile; fileRef = 175BFBE52C69131100EB5FBB /* ThemeManager.swift */; };
		175BFBE82C69139800EB5FBB /* ItemDetailView.swift in Sources */ = {isa = PBXBuildFile; fileRef = 175BFBE72C69139800EB5FBB /* ItemDetailView.swift */; };
		175BFBEA2C6913C900EB5FBB /* AddTaskView.swift in Sources */ = {isa = PBXBuildFile; fileRef = 175BFBE92C6913C900EB5FBB /* AddTaskView.swift */; };
/* End PBXBuildFile section */

/* Begin PBXContainerItemProxy section */
		175BFBC92C6912DF00EB5FBB /* PBXContainerItemProxy */ = {
			isa = PBXContainerItemProxy;
			containerPortal = 175BFBAE2C6912DC00EB5FBB /* Project object */;
			proxyType = 1;
			remoteGlobalIDString = 175BFBB52C6912DC00EB5FBB;
			remoteInfo = ToDoList;
		};
		175BFBD32C6912DF00EB5FBB /* PBXContainerItemProxy */ = {
			isa = PBXContainerItemProxy;
			containerPortal = 175BFBAE2C6912DC00EB5FBB /* Project object */;
			proxyType = 1;
			remoteGlobalIDString = 175BFBB52C6912DC00EB5FBB;
			remoteInfo = ToDoList;
		};
/* End PBXContainerItemProxy section */

/* Begin PBXFileReference section */
		175BFBB62C6912DC00EB5FBB /* ToDoList.app */ = {isa = PBXFileReference; explicitFileType = wrapper.application; includeInIndex = 0; path = ToDoList.app; sourceTree = BUILT_PRODUCTS_DIR; };
		175BFBB92C6912DC00EB5FBB /* ToDoListApp.swift */ = {isa = PBXFileReference; lastKnownFileType = sourcecode.swift; path = ToDoListApp.swift; sourceTree = "<group>"; };
		175BFBBB2C6912DC00EB5FBB /* ContentView.swift */ = {isa = PBXFileReference; lastKnownFileType = sourcecode.swift; path = ContentView.swift; sourceTree = "<group>"; };
		175BFBBD2C6912DC00EB5FBB /* Item.swift */ = {isa = PBXFileReference; lastKnownFileType = sourcecode.swift; path = Item.swift; sourceTree = "<group>"; };
		175BFBBF2C6912DE00EB5FBB /* Assets.xcassets */ = {isa = PBXFileReference; lastKnownFileType = folder.assetcatalog; path = Assets.xcassets; sourceTree = "<group>"; };
		175BFBC22C6912DE00EB5FBB /* Preview Assets.xcassets */ = {isa = PBXFileReference; lastKnownFileType = folder.assetcatalog; path = "Preview Assets.xcassets"; sourceTree = "<group>"; };
		175BFBC82C6912DF00EB5FBB /* ToDoListTests.xctest */ = {isa = PBXFileReference; explicitFileType = wrapper.cfbundle; includeInIndex = 0; path = ToDoListTests.xctest; sourceTree = BUILT_PRODUCTS_DIR; };
		175BFBCC2C6912DF00EB5FBB /* ToDoListTests.swift */ = {isa = PBXFileReference; lastKnownFileType = sourcecode.swift; path = ToDoListTests.swift; sourceTree = "<group>"; };
		175BFBD22C6912DF00EB5FBB /* ToDoListUITests.xctest */ = {isa = PBXFileReference; explicitFileType = wrapper.cfbundle; includeInIndex = 0; path = ToDoListUITests.xctest; sourceTree = BUILT_PRODUCTS_DIR; };
		175BFBD62C6912DF00EB5FBB /* ToDoListUITests.swift */ = {isa = PBXFileReference; lastKnownFileType = sourcecode.swift; path = ToDoListUITests.swift; sourceTree = "<group>"; };
		175BFBD82C6912DF00EB5FBB /* ToDoListUITestsLaunchTests.swift */ = {isa = PBXFileReference; lastKnownFileType = sourcecode.swift; path = ToDoListUITestsLaunchTests.swift; sourceTree = "<group>"; };
		175BFBE52C69131100EB5FBB /* ThemeManager.swift */ = {isa = PBXFileReference; lastKnownFileType = sourcecode.swift; path = ThemeManager.swift; sourceTree = "<group>"; };
		175BFBE72C69139800EB5FBB /* ItemDetailView.swift */ = {isa = PBXFileReference; lastKnownFileType = sourcecode.swift; path = ItemDetailView.swift; sourceTree = "<group>"; };
		175BFBE92C6913C900EB5FBB /* AddTaskView.swift */ = {isa = PBXFileReference; lastKnownFileType = sourcecode.swift; path = AddTaskView.swift; sourceTree = "<group>"; };
/* End PBXFileReference section */

/* Begin PBXFrameworksBuildPhase section */
		175BFBB32C6912DC00EB5FBB /* Frameworks */ = {
			isa = PBXFrameworksBuildPhase;
			buildActionMask = 2147483647;
			files = (
			);
			runOnlyForDeploymentPostprocessing = 0;
		};
		175BFBC52C6912DF00EB5FBB /* Frameworks */ = {
			isa = PBXFrameworksBuildPhase;
			buildActionMask = 2147483647;
			files = (
			);
			runOnlyForDeploymentPostprocessing = 0;
		};
		175BFBCF2C6912DF00EB5FBB /* Frameworks */ = {
			isa = PBXFrameworksBuildPhase;
			buildActionMask = 2147483647;
			files = (
			);
			runOnlyForDeploymentPostprocessing = 0;
		};
/* End PBXFrameworksBuildPhase section */

/* Begin PBXGroup section */
		175BFBAD2C6912DC00EB5FBB = {
			isa = PBXGroup;
			children = (
				175BFBB82C6912DC00EB5FBB /* ToDoList */,
				175BFBCB2C6912DF00EB5FBB /* ToDoListTests */,
				175BFBD52C6912DF00EB5FBB /* ToDoListUITests */,
				175BFBB72C6912DC00EB5FBB /* Products */,
			);
			sourceTree = "<group>";
		};
		175BFBB72C6912DC00EB5FBB /* Products */ = {
			isa = PBXGroup;
			children = (
				175BFBB62C6912DC00EB5FBB /* ToDoList.app */,
				175BFBC82C6912DF00EB5FBB /* ToDoListTests.xctest */,
				175BFBD22C6912DF00EB5FBB /* ToDoListUITests.xctest */,
			);
			name = Products;
			sourceTree = "<group>";
		};
		175BFBB82C6912DC00EB5FBB /* ToDoList */ = {
			isa = PBXGroup;
			children = (
				175BFBB92C6912DC00EB5FBB /* ToDoListApp.swift */,
				175BFBE52C69131100EB5FBB /* ThemeManager.swift */,
				175BFBBD2C6912DC00EB5FBB /* Item.swift */,
				175BFBBB2C6912DC00EB5FBB /* ContentView.swift */,
				175BFBE72C69139800EB5FBB /* ItemDetailView.swift */,
				175BFBE92C6913C900EB5FBB /* AddTaskView.swift */,
				175BFBBF2C6912DE00EB5FBB /* Assets.xcassets */,
				175BFBC12C6912DE00EB5FBB /* Preview Content */,
			);
			path = ToDoList;
			sourceTree = "<group>";
		};
		175BFBC12C6912DE00EB5FBB /* Preview Content */ = {
			isa = PBXGroup;
			children = (
				175BFBC22C6912DE00EB5FBB /* Preview Assets.xcassets */,
			);
			path = "Preview Content";
			sourceTree = "<group>";
		};
		175BFBCB2C6912DF00EB5FBB /* ToDoListTests */ = {
			isa = PBXGroup;
			children = (
				175BFBCC2C6912DF00EB5FBB /* ToDoListTests.swift */,
			);
			path = ToDoListTests;
			sourceTree = "<group>";
		};
		175BFBD52C6912DF00EB5FBB /* ToDoListUITests */ = {
			isa = PBXGroup;
			children = (
				175BFBD62C6912DF00EB5FBB /* ToDoListUITests.swift */,
				175BFBD82C6912DF00EB5FBB /* ToDoListUITestsLaunchTests.swift */,
			);
			path = ToDoListUITests;
			sourceTree = "<group>";
		};
/* End PBXGroup section */

/* Begin PBXNativeTarget section */
		175BFBB52C6912DC00EB5FBB /* ToDoList */ = {
			isa = PBXNativeTarget;
			buildConfigurationList = 175BFBDC2C6912DF00EB5FBB /* Build configuration list for PBXNativeTarget "ToDoList" */;
			buildPhases = (
				175BFBB22C6912DC00EB5FBB /* Sources */,
				175BFBB32C6912DC00EB5FBB /* Frameworks */,
				175BFBB42C6912DC00EB5FBB /* Resources */,
			);
			buildRules = (
			);
			dependencies = (
			);
			name = ToDoList;
			productName = ToDoList;
			productReference = 175BFBB62C6912DC00EB5FBB /* ToDoList.app */;
			productType = "com.apple.product-type.application";
		};
		175BFBC72C6912DF00EB5FBB /* ToDoListTests */ = {
			isa = PBXNativeTarget;
			buildConfigurationList = 175BFBDF2C6912DF00EB5FBB /* Build configuration list for PBXNativeTarget "ToDoListTests" */;
			buildPhases = (
				175BFBC42C6912DF00EB5FBB /* Sources */,
				175BFBC52C6912DF00EB5FBB /* Frameworks */,
				175BFBC62C6912DF00EB5FBB /* Resources */,
			);
			buildRules = (
			);
			dependencies = (
				175BFBCA2C6912DF00EB5FBB /* PBXTargetDependency */,
			);
			name = ToDoListTests;
			productName = ToDoListTests;
			productReference = 175BFBC82C6912DF00EB5FBB /* ToDoListTests.xctest */;
			productType = "com.apple.product-type.bundle.unit-test";
		};
		175BFBD12C6912DF00EB5FBB /* ToDoListUITests */ = {
			isa = PBXNativeTarget;
			buildConfigurationList = 175BFBE22C6912DF00EB5FBB /* Build configuration list for PBXNativeTarget "ToDoListUITests" */;
			buildPhases = (
				175BFBCE2C6912DF00EB5FBB /* Sources */,
				175BFBCF2C6912DF00EB5FBB /* Frameworks */,
				175BFBD02C6912DF00EB5FBB /* Resources */,
			);
			buildRules = (
			);
			dependencies = (
				175BFBD42C6912DF00EB5FBB /* PBXTargetDependency */,
			);
			name = ToDoListUITests;
			productName = ToDoListUITests;
			productReference = 175BFBD22C6912DF00EB5FBB /* ToDoListUITests.xctest */;
			productType = "com.apple.product-type.bundle.ui-testing";
		};
/* End PBXNativeTarget section */

/* Begin PBXProject section */
		175BFBAE2C6912DC00EB5FBB /* Project object */ = {
			isa = PBXProject;
			attributes = {
				BuildIndependentTargetsInParallel = 1;
				LastSwiftUpdateCheck = 1540;
				LastUpgradeCheck = 1540;
				TargetAttributes = {
					175BFBB52C6912DC00EB5FBB = {
						CreatedOnToolsVersion = 15.4;
					};
					175BFBC72C6912DF00EB5FBB = {
						CreatedOnToolsVersion = 15.4;
						TestTargetID = 175BFBB52C6912DC00EB5FBB;
					};
					175BFBD12C6912DF00EB5FBB = {
						CreatedOnToolsVersion = 15.4;
						TestTargetID = 175BFBB52C6912DC00EB5FBB;
					};
				};
			};
			buildConfigurationList = 175BFBB12C6912DC00EB5FBB /* Build configuration list for PBXProject "ToDoList" */;
			compatibilityVersion = "Xcode 14.0";
			developmentRegion = en;
			hasScannedForEncodings = 0;
			knownRegions = (
				en,
				Base,
			);
			mainGroup = 175BFBAD2C6912DC00EB5FBB;
			productRefGroup = 175BFBB72C6912DC00EB5FBB /* Products */;
			projectDirPath = "";
			projectRoot = "";
			targets = (
				175BFBB52C6912DC00EB5FBB /* ToDoList */,
				175BFBC72C6912DF00EB5FBB /* ToDoListTests */,
				175BFBD12C6912DF00EB5FBB /* ToDoListUITests */,
			);
		};
/* End PBXProject section */

/* Begin PBXResourcesBuildPhase section */
		175BFBB42C6912DC00EB5FBB /* Resources */ = {
			isa = PBXResourcesBuildPhase;
			buildActionMask = 2147483647;
			files = (
				175BFBC32C6912DE00EB5FBB /* Preview Assets.xcassets in Resources */,
				175BFBC02C6912DE00EB5FBB /* Assets.xcassets in Resources */,
			);
			runOnlyForDeploymentPostprocessing = 0;
		};
		175BFBC62C6912DF00EB5FBB /* Resources */ = {
			isa = PBXResourcesBuildPhase;
			buildActionMask = 2147483647;
			files = (
			);
			runOnlyForDeploymentPostprocessing = 0;
		};
		175BFBD02C6912DF00EB5FBB /* Resources */ = {
			isa = PBXResourcesBuildPhase;
			buildActionMask = 2147483647;
			files = (
			);
			runOnlyForDeploymentPostprocessing = 0;
		};
/* End PBXResourcesBuildPhase section */

/* Begin PBXSourcesBuildPhase section */
		175BFBB22C6912DC00EB5FBB /* Sources */ = {
			isa = PBXSourcesBuildPhase;
			buildActionMask = 2147483647;
			files = (
				175BFBE82C69139800EB5FBB /* ItemDetailView.swift in Sources */,
				175BFBBC2C6912DC00EB5FBB /* ContentView.swift in Sources */,
				175BFBBE2C6912DC00EB5FBB /* Item.swift in Sources */,
				175BFBEA2C6913C900EB5FBB /* AddTaskView.swift in Sources */,
				175BFBBA2C6912DC00EB5FBB /* ToDoListApp.swift in Sources */,
				175BFBE62C69131100EB5FBB /* ThemeManager.swift in Sources */,
			);
			runOnlyForDeploymentPostprocessing = 0;
		};
		175BFBC42C6912DF00EB5FBB /* Sources */ = {
			isa = PBXSourcesBuildPhase;
			buildActionMask = 2147483647;
			files = (
				175BFBCD2C6912DF00EB5FBB /* ToDoListTests.swift in Sources */,
			);
			runOnlyForDeploymentPostprocessing = 0;
		};
		175BFBCE2C6912DF00EB5FBB /* Sources */ = {
			isa = PBXSourcesBuildPhase;
			buildActionMask = 2147483647;
			files = (
				175BFBD92C6912DF00EB5FBB /* ToDoListUITestsLaunchTests.swift in Sources */,
				175BFBD72C6912DF00EB5FBB /* ToDoListUITests.swift in Sources */,
			);
			runOnlyForDeploymentPostprocessing = 0;
		};
/* End PBXSourcesBuildPhase section */

/* Begin PBXTargetDependency section */
		175BFBCA2C6912DF00EB5FBB /* PBXTargetDependency */ = {
			isa = PBXTargetDependency;
			target = 175BFBB52C6912DC00EB5FBB /* ToDoList */;
			targetProxy = 175BFBC92C6912DF00EB5FBB /* PBXContainerItemProxy */;
		};
		175BFBD42C6912DF00EB5FBB /* PBXTargetDependency */ = {
			isa = PBXTargetDependency;
			target = 175BFBB52C6912DC00EB5FBB /* ToDoList */;
			targetProxy = 175BFBD32C6912DF00EB5FBB /* PBXContainerItemProxy */;
		};
/* End PBXTargetDependency section */

/* Begin XCBuildConfiguration section */
		175BFBDA2C6912DF00EB5FBB /* Debug */ = {
			isa = XCBuildConfiguration;
			buildSettings = {
				ALWAYS_SEARCH_USER_PATHS = NO;
				ASSETCATALOG_COMPILER_GENERATE_SWIFT_ASSET_SYMBOL_EXTENSIONS = YES;
				CLANG_ANALYZER_NONNULL = YES;
				CLANG_ANALYZER_NUMBER_OBJECT_CONVERSION = YES_AGGRESSIVE;
				CLANG_CXX_LANGUAGE_STANDARD = "gnu++20";
				CLANG_ENABLE_MODULES = YES;
				CLANG_ENABLE_OBJC_ARC = YES;
				CLANG_ENABLE_OBJC_WEAK = YES;
				CLANG_WARN_BLOCK_CAPTURE_AUTORELEASING = YES;
				CLANG_WARN_BOOL_CONVERSION = YES;
				CLANG_WARN_COMMA = YES;
				CLANG_WARN_CONSTANT_CONVERSION = YES;
				CLANG_WARN_DEPRECATED_OBJC_IMPLEMENTATIONS = YES;
				CLANG_WARN_DIRECT_OBJC_ISA_USAGE = YES_ERROR;
				CLANG_WARN_DOCUMENTATION_COMMENTS = YES;
				CLANG_WARN_EMPTY_BODY = YES;
				CLANG_WARN_ENUM_CONVERSION = YES;
				CLANG_WARN_INFINITE_RECURSION = YES;
				CLANG_WARN_INT_CONVERSION = YES;
				CLANG_WARN_NON_LITERAL_NULL_CONVERSION = YES;
				CLANG_WARN_OBJC_IMPLICIT_RETAIN_SELF = YES;
				CLANG_WARN_OBJC_LITERAL_CONVERSION = YES;
				CLANG_WARN_OBJC_ROOT_CLASS = YES_ERROR;
				CLANG_WARN_QUOTED_INCLUDE_IN_FRAMEWORK_HEADER = YES;
				CLANG_WARN_RANGE_LOOP_ANALYSIS = YES;
				CLANG_WARN_STRICT_PROTOTYPES = YES;
				CLANG_WARN_SUSPICIOUS_MOVE = YES;
				CLANG_WARN_UNGUARDED_AVAILABILITY = YES_AGGRESSIVE;
				CLANG_WARN_UNREACHABLE_CODE = YES;
				CLANG_WARN__DUPLICATE_METHOD_MATCH = YES;
				COPY_PHASE_STRIP = NO;
				DEBUG_INFORMATION_FORMAT = dwarf;
				ENABLE_STRICT_OBJC_MSGSEND = YES;
				ENABLE_TESTABILITY = YES;
				ENABLE_USER_SCRIPT_SANDBOXING = YES;
				GCC_C_LANGUAGE_STANDARD = gnu17;
				GCC_DYNAMIC_NO_PIC = NO;
				GCC_NO_COMMON_BLOCKS = YES;
				GCC_OPTIMIZATION_LEVEL = 0;
				GCC_PREPROCESSOR_DEFINITIONS = (
					"DEBUG=1",
					"$(inherited)",
				);
				GCC_WARN_64_TO_32_BIT_CONVERSION = YES;
				GCC_WARN_ABOUT_RETURN_TYPE = YES_ERROR;
				GCC_WARN_UNDECLARED_SELECTOR = YES;
				GCC_WARN_UNINITIALIZED_AUTOS = YES_AGGRESSIVE;
				GCC_WARN_UNUSED_FUNCTION = YES;
				GCC_WARN_UNUSED_VARIABLE = YES;
				IPHONEOS_DEPLOYMENT_TARGET = 17.5;
				LOCALIZATION_PREFERS_STRING_CATALOGS = YES;
				MTL_ENABLE_DEBUG_INFO = INCLUDE_SOURCE;
				MTL_FAST_MATH = YES;
				ONLY_ACTIVE_ARCH = YES;
				SDKROOT = iphoneos;
				SWIFT_ACTIVE_COMPILATION_CONDITIONS = "DEBUG $(inherited)";
				SWIFT_OPTIMIZATION_LEVEL = "-Onone";
			};
			name = Debug;
		};
		175BFBDB2C6912DF00EB5FBB /* Release */ = {
			isa = XCBuildConfiguration;
			buildSettings = {
				ALWAYS_SEARCH_USER_PATHS = NO;
				ASSETCATALOG_COMPILER_GENERATE_SWIFT_ASSET_SYMBOL_EXTENSIONS = YES;
				CLANG_ANALYZER_NONNULL = YES;
				CLANG_ANALYZER_NUMBER_OBJECT_CONVERSION = YES_AGGRESSIVE;
				CLANG_CXX_LANGUAGE_STANDARD = "gnu++20";
				CLANG_ENABLE_MODULES = YES;
				CLANG_ENABLE_OBJC_ARC = YES;
				CLANG_ENABLE_OBJC_WEAK = YES;
				CLANG_WARN_BLOCK_CAPTURE_AUTORELEASING = YES;
				CLANG_WARN_BOOL_CONVERSION = YES;
				CLANG_WARN_COMMA = YES;
				CLANG_WARN_CONSTANT_CONVERSION = YES;
				CLANG_WARN_DEPRECATED_OBJC_IMPLEMENTATIONS = YES;
				CLANG_WARN_DIRECT_OBJC_ISA_USAGE = YES_ERROR;
				CLANG_WARN_DOCUMENTATION_COMMENTS = YES;
				CLANG_WARN_EMPTY_BODY = YES;
				CLANG_WARN_ENUM_CONVERSION = YES;
				CLANG_WARN_INFINITE_RECURSION = YES;
				CLANG_WARN_INT_CONVERSION = YES;
				CLANG_WARN_NON_LITERAL_NULL_CONVERSION = YES;
				CLANG_WARN_OBJC_IMPLICIT_RETAIN_SELF = YES;
				CLANG_WARN_OBJC_LITERAL_CONVERSION = YES;
				CLANG_WARN_OBJC_ROOT_CLASS = YES_ERROR;
				CLANG_WARN_QUOTED_INCLUDE_IN_FRAMEWORK_HEADER = YES;
				CLANG_WARN_RANGE_LOOP_ANALYSIS = YES;
				CLANG_WARN_STRICT_PROTOTYPES = YES;
				CLANG_WARN_SUSPICIOUS_MOVE = YES;
				CLANG_WARN_UNGUARDED_AVAILABILITY = YES_AGGRESSIVE;
				CLANG_WARN_UNREACHABLE_CODE = YES;
				CLANG_WARN__DUPLICATE_METHOD_MATCH = YES;
				COPY_PHASE_STRIP = NO;
				DEBUG_INFORMATION_FORMAT = "dwarf-with-dsym";
				ENABLE_NS_ASSERTIONS = NO;
				ENABLE_STRICT_OBJC_MSGSEND = YES;
				ENABLE_USER_SCRIPT_SANDBOXING = YES;
				GCC_C_LANGUAGE_STANDARD = gnu17;
				GCC_NO_COMMON_BLOCKS = YES;
				GCC_WARN_64_TO_32_BIT_CONVERSION = YES;
				GCC_WARN_ABOUT_RETURN_TYPE = YES_ERROR;
				GCC_WARN_UNDECLARED_SELECTOR = YES;
				GCC_WARN_UNINITIALIZED_AUTOS = YES_AGGRESSIVE;
				GCC_WARN_UNUSED_FUNCTION = YES;
				GCC_WARN_UNUSED_VARIABLE = YES;
				IPHONEOS_DEPLOYMENT_TARGET = 17.5;
				LOCALIZATION_PREFERS_STRING_CATALOGS = YES;
				MTL_ENABLE_DEBUG_INFO = NO;
				MTL_FAST_MATH = YES;
				SDKROOT = iphoneos;
				SWIFT_COMPILATION_MODE = wholemodule;
				VALIDATE_PRODUCT = YES;
			};
			name = Release;
		};
		175BFBDD2C6912DF00EB5FBB /* Debug */ = {
			isa = XCBuildConfiguration;
			buildSettings = {
				ASSETCATALOG_COMPILER_APPICON_NAME = AppIcon;
				ASSETCATALOG_COMPILER_GLOBAL_ACCENT_COLOR_NAME = AccentColor;
				CODE_SIGN_STYLE = Automatic;
				CURRENT_PROJECT_VERSION = 1;
				DEVELOPMENT_ASSET_PATHS = "\"ToDoList/Preview Content\"";
				ENABLE_PREVIEWS = YES;
				GENERATE_INFOPLIST_FILE = YES;
				INFOPLIST_KEY_UIApplicationSceneManifest_Generation = YES;
				INFOPLIST_KEY_UIApplicationSupportsIndirectInputEvents = YES;
				INFOPLIST_KEY_UILaunchScreen_Generation = YES;
				INFOPLIST_KEY_UISupportedInterfaceOrientations_iPad = "UIInterfaceOrientationPortrait UIInterfaceOrientationPortraitUpsideDown UIInterfaceOrientationLandscapeLeft UIInterfaceOrientationLandscapeRight";
				INFOPLIST_KEY_UISupportedInterfaceOrientations_iPhone = "UIInterfaceOrientationPortrait UIInterfaceOrientationLandscapeLeft UIInterfaceOrientationLandscapeRight";
				LD_RUNPATH_SEARCH_PATHS = (
					"$(inherited)",
					"@executable_path/Frameworks",
				);
				MARKETING_VERSION = 1.0;
				PRODUCT_BUNDLE_IDENTIFIER = app.ToDoList;
				PRODUCT_NAME = "$(TARGET_NAME)";
				SWIFT_EMIT_LOC_STRINGS = YES;
				SWIFT_VERSION = 5.0;
				TARGETED_DEVICE_FAMILY = "1,2";
			};
			name = Debug;
		};
		175BFBDE2C6912DF00EB5FBB /* Release */ = {
			isa = XCBuildConfiguration;
			buildSettings = {
				ASSETCATALOG_COMPILER_APPICON_NAME = AppIcon;
				ASSETCATALOG_COMPILER_GLOBAL_ACCENT_COLOR_NAME = AccentColor;
				CODE_SIGN_STYLE = Automatic;
				CURRENT_PROJECT_VERSION = 1;
				DEVELOPMENT_ASSET_PATHS = "\"ToDoList/Preview Content\"";
				ENABLE_PREVIEWS = YES;
				GENERATE_INFOPLIST_FILE = YES;
				INFOPLIST_KEY_UIApplicationSceneManifest_Generation = YES;
				INFOPLIST_KEY_UIApplicationSupportsIndirectInputEvents = YES;
				INFOPLIST_KEY_UILaunchScreen_Generation = YES;
				INFOPLIST_KEY_UISupportedInterfaceOrientations_iPad = "UIInterfaceOrientationPortrait UIInterfaceOrientationPortraitUpsideDown UIInterfaceOrientationLandscapeLeft UIInterfaceOrientationLandscapeRight";
				INFOPLIST_KEY_UISupportedInterfaceOrientations_iPhone = "UIInterfaceOrientationPortrait UIInterfaceOrientationLandscapeLeft UIInterfaceOrientationLandscapeRight";
				LD_RUNPATH_SEARCH_PATHS = (
					"$(inherited)",
					"@executable_path/Frameworks",
				);
				MARKETING_VERSION = 1.0;
				PRODUCT_BUNDLE_IDENTIFIER = app.ToDoList;
				PRODUCT_NAME = "$(TARGET_NAME)";
				SWIFT_EMIT_LOC_STRINGS = YES;
				SWIFT_VERSION = 5.0;
				TARGETED_DEVICE_FAMILY = "1,2";
			};
			name = Release;
		};
		175BFBE02C6912DF00EB5FBB /* Debug */ = {
			isa = XCBuildConfiguration;
			buildSettings = {
				ALWAYS_EMBED_SWIFT_STANDARD_LIBRARIES = YES;
				BUNDLE_LOADER = "$(TEST_HOST)";
				CODE_SIGN_STYLE = Automatic;
				CURRENT_PROJECT_VERSION = 1;
				GENERATE_INFOPLIST_FILE = YES;
				IPHONEOS_DEPLOYMENT_TARGET = 17.5;
				MARKETING_VERSION = 1.0;
				PRODUCT_BUNDLE_IDENTIFIER = app.ToDoListTests;
				PRODUCT_NAME = "$(TARGET_NAME)";
				SWIFT_EMIT_LOC_STRINGS = NO;
				SWIFT_VERSION = 5.0;
				TARGETED_DEVICE_FAMILY = "1,2";
				TEST_HOST = "$(BUILT_PRODUCTS_DIR)/ToDoList.app/$(BUNDLE_EXECUTABLE_FOLDER_PATH)/ToDoList";
			};
			name = Debug;
		};
		175BFBE12C6912DF00EB5FBB /* Release */ = {
			isa = XCBuildConfiguration;
			buildSettings = {
				ALWAYS_EMBED_SWIFT_STANDARD_LIBRARIES = YES;
				BUNDLE_LOADER = "$(TEST_HOST)";
				CODE_SIGN_STYLE = Automatic;
				CURRENT_PROJECT_VERSION = 1;
				GENERATE_INFOPLIST_FILE = YES;
				IPHONEOS_DEPLOYMENT_TARGET = 17.5;
				MARKETING_VERSION = 1.0;
				PRODUCT_BUNDLE_IDENTIFIER = app.ToDoListTests;
				PRODUCT_NAME = "$(TARGET_NAME)";
				SWIFT_EMIT_LOC_STRINGS = NO;
				SWIFT_VERSION = 5.0;
				TARGETED_DEVICE_FAMILY = "1,2";
				TEST_HOST = "$(BUILT_PRODUCTS_DIR)/ToDoList.app/$(BUNDLE_EXECUTABLE_FOLDER_PATH)/ToDoList";
			};
			name = Release;
		};
		175BFBE32C6912DF00EB5FBB /* Debug */ = {
			isa = XCBuildConfiguration;
			buildSettings = {
				ALWAYS_EMBED_SWIFT_STANDARD_LIBRARIES = YES;
				CODE_SIGN_STYLE = Automatic;
				CURRENT_PROJECT_VERSION = 1;
				GENERATE_INFOPLIST_FILE = YES;
				MARKETING_VERSION = 1.0;
				PRODUCT_BUNDLE_IDENTIFIER = app.ToDoListUITests;
				PRODUCT_NAME = "$(TARGET_NAME)";
				SWIFT_EMIT_LOC_STRINGS = NO;
				SWIFT_VERSION = 5.0;
				TARGETED_DEVICE_FAMILY = "1,2";
				TEST_TARGET_NAME = ToDoList;
			};
			name = Debug;
		};
		175BFBE42C6912DF00EB5FBB /* Release */ = {
			isa = XCBuildConfiguration;
			buildSettings = {
				ALWAYS_EMBED_SWIFT_STANDARD_LIBRARIES = YES;
				CODE_SIGN_STYLE = Automatic;
				CURRENT_PROJECT_VERSION = 1;
				GENERATE_INFOPLIST_FILE = YES;
				MARKETING_VERSION = 1.0;
				PRODUCT_BUNDLE_IDENTIFIER = app.ToDoListUITests;
				PRODUCT_NAME = "$(TARGET_NAME)";
				SWIFT_EMIT_LOC_STRINGS = NO;
				SWIFT_VERSION = 5.0;
				TARGETED_DEVICE_FAMILY = "1,2";
				TEST_TARGET_NAME = ToDoList;
			};
			name = Release;
		};
/* End XCBuildConfiguration section */

/* Begin XCConfigurationList section */
		175BFBB12C6912DC00EB5FBB /* Build configuration list for PBXProject "ToDoList" */ = {
			isa = XCConfigurationList;
			buildConfigurations = (
				175BFBDA2C6912DF00EB5FBB /* Debug */,
				175BFBDB2C6912DF00EB5FBB /* Release */,
			);
			defaultConfigurationIsVisible = 0;
			defaultConfigurationName = Release;
		};
		175BFBDC2C6912DF00EB5FBB /* Build configuration list for PBXNativeTarget "ToDoList" */ = {
			isa = XCConfigurationList;
			buildConfigurations = (
				175BFBDD2C6912DF00EB5FBB /* Debug */,
				175BFBDE2C6912DF00EB5FBB /* Release */,
			);
			defaultConfigurationIsVisible = 0;
			defaultConfigurationName = Release;
		};
		175BFBDF2C6912DF00EB5FBB /* Build configuration list for PBXNativeTarget "ToDoListTests" */ = {
			isa = XCConfigurationList;
			buildConfigurations = (
				175BFBE02C6912DF00EB5FBB /* Debug */,
				175BFBE12C6912DF00EB5FBB /* Release */,
			);
			defaultConfigurationIsVisible = 0;
			defaultConfigurationName = Release;
		};
		175BFBE22C6912DF00EB5FBB /* Build configuration list for PBXNativeTarget "ToDoListUITests" */ = {
			isa = XCConfigurationList;
			buildConfigurations = (
				175BFBE32C6912DF00EB5FBB /* Debug */,
				175BFBE42C6912DF00EB5FBB /* Release */,
			);
			defaultConfigurationIsVisible = 0;
			defaultConfigurationName = Release;
		};
/* End XCConfigurationList section */
	};
	rootObject = 175BFBAE2C6912DC00EB5FBB /* Project object */;
}
